
Microsoft Visual Studio Solution File, Format Version 12.00
# Visual Studio Version 17
VisualStudioVersion = 17.0.31903.59
MinimumVisualStudioVersion = 10.0.40219.1
Project("{FAE04EC0-301F-11D3-BF4B-00C04F79EFBC}") = "Taxer.UnitTests", "Taxer.UnitTests\Taxer.UnitTests.csproj", "{8E88D80A-EF8F-4E5E-8364-32A9FB8DD6BE}"
EndProject
Project("{FAE04EC0-301F-11D3-BF4B-00C04F79EFBC}") = "Taxer.Core", "Taxer.Core\Taxer.Core.csproj", "{97423556-B1E3-444E-8FA0-BDA04682E993}"
EndProject
Project("{FAE04EC0-301F-11D3-BF4B-00C04F79EFBC}") = "Taxer.Web.API", "Taxer.Web.API\Taxer.Web.API.csproj", "{39EA4D6B-D774-48FA-92B4-9A9AB8C7FA65}"
EndProject
Project("{FAE04EC0-301F-11D3-BF4B-00C04F79EFBC}") = "Taxer.Services", "Taxer.Services\Taxer.Services.csproj", "{1F5FEA44-4571-4902-AFFE-2C234BE070EB}"
EndProject
Project("{FAE04EC0-301F-11D3-BF4B-00C04F79EFBC}") = "Taxer.Persistence.EntityFramework", "Taxer.Persistence.EntityFramework\Taxer.Persistence.EntityFramework.csproj", "{5F3FD415-FF3E-4A51-B56E-8B3ABE38ACF3}"
EndProject
Global
	GlobalSection(SolutionConfigurationPlatforms) = preSolution
		Debug|Any CPU = Debug|Any CPU
		Release|Any CPU = Release|Any CPU
	EndGlobalSection
	GlobalSection(SolutionProperties) = preSolution
		HideSolutionNode = FALSE
	EndGlobalSection
	GlobalSection(ProjectConfigurationPlatforms) = postSolution
		{8E88D80A-EF8F-4E5E-8364-32A9FB8DD6BE}.Debug|Any CPU.ActiveCfg = Debug|Any CPU
		{8E88D80A-EF8F-4E5E-8364-32A9FB8DD6BE}.Debug|Any CPU.Build.0 = Debug|Any CPU
		{8E88D80A-EF8F-4E5E-8364-32A9FB8DD6BE}.Release|Any CPU.ActiveCfg = Release|Any CPU
		{8E88D80A-EF8F-4E5E-8364-32A9FB8DD6BE}.Release|Any CPU.Build.0 = Release|Any CPU
		{97423556-B1E3-444E-8FA0-BDA04682E993}.Debug|Any CPU.ActiveCfg = Debug|Any CPU
		{97423556-B1E3-444E-8FA0-BDA04682E993}.Debug|Any CPU.Build.0 = Debug|Any CPU
		{97423556-B1E3-444E-8FA0-BDA04682E993}.Release|Any CPU.ActiveCfg = Release|Any CPU
		{97423556-B1E3-444E-8FA0-BDA04682E993}.Release|Any CPU.Build.0 = Release|Any CPU
		{39EA4D6B-D774-48FA-92B4-9A9AB8C7FA65}.Debug|Any CPU.ActiveCfg = Debug|Any CPU
		{39EA4D6B-D774-48FA-92B4-9A9AB8C7FA65}.Debug|Any CPU.Build.0 = Debug|Any CPU
		{39EA4D6B-D774-48FA-92B4-9A9AB8C7FA65}.Release|Any CPU.ActiveCfg = Release|Any CPU
		{39EA4D6B-D774-48FA-92B4-9A9AB8C7FA65}.Release|Any CPU.Build.0 = Release|Any CPU
		{1F5FEA44-4571-4902-AFFE-2C234BE070EB}.Debug|Any CPU.ActiveCfg = Debug|Any CPU
		{1F5FEA44-4571-4902-AFFE-2C234BE070EB}.Debug|Any CPU.Build.0 = Debug|Any CPU
		{1F5FEA44-4571-4902-AFFE-2C234BE070EB}.Release|Any CPU.ActiveCfg = Release|Any CPU
		{1F5FEA44-4571-4902-AFFE-2C234BE070EB}.Release|Any CPU.Build.0 = Release|Any CPU
		{5F3FD415-FF3E-4A51-B56E-8B3ABE38ACF3}.Debug|Any CPU.ActiveCfg = Debug|Any CPU
		{5F3FD415-FF3E-4A51-B56E-8B3ABE38ACF3}.Debug|Any CPU.Build.0 = Debug|Any CPU
		{5F3FD415-FF3E-4A51-B56E-8B3ABE38ACF3}.Release|Any CPU.ActiveCfg = Release|Any CPU
		{5F3FD415-FF3E-4A51-B56E-8B3ABE38ACF3}.Release|Any CPU.Build.0 = Release|Any CPU
	EndGlobalSection
EndGlobal
